
Microsoft Visual Studio Solution File, Format Version 12.00
# Visual Studio 15
VisualStudioVersion = 15.0.28307.1000
MinimumVisualStudioVersion = 10.0.40219.1
Project("{8BC9CEB8-8B4A-11D0-8D11-00A0C91BC942}") = "02-01-03", "02-01-03\02-01-03.vcxproj", "{0FCF3D56-AF26-484C-A2C7-2D6BB04E4418}"
EndProject
Project("{8BC9CEB8-8B4A-11D0-8D11-00A0C91BC942}") = "02-01-01", "02-01-01\02-01-01.vcxproj", "{9FF34101-6263-4553-B35E-951A2AA6FB54}"
EndProject
Project("{8BC9CEB8-8B4A-11D0-8D11-00A0C91BC942}") = "02-01-02", "02-01-02\02-01-02.vcxproj", "{01A4B35D-9152-48A6-A894-B6D65D1BD101}"
EndProject
Project("{8BC9CEB8-8B4A-11D0-8D11-00A0C91BC942}") = "02-01-04", "02-01-04\02-01-04.vcxproj", "{EF7B4491-D447-4553-8E57-3917BBC95057}"
EndProject
Project("{8BC9CEB8-8B4A-11D0-8D11-00A0C91BC942}") = "02-01-05", "02-01-05\02-01-05.vcxproj", "{9C1ACD26-2192-4D82-A1DE-418FB95008F1}"
EndProject
Project("{8BC9CEB8-8B4A-11D0-8D11-00A0C91BC942}") = "02-01-06", "02-01-06\02-01-06.vcxproj", "{30521D98-F9F1-480D-975F-4D01067188A9}"
EndProject
Project("{8BC9CEB8-8B4A-11D0-8D11-00A0C91BC942}") = "02-01-07", "02-01-07\02-01-07.vcxproj", "{D36D186F-B4CB-4EC7-AD49-B39BDF32E4C4}"
EndProject
Project("{2150E333-8FDC-42A3-9474-1A3956D46DE8}") = "Projects", "Projects", "{2E73AD7A-4E23-4D66-AB80-3B19D35C17CA}"
EndProject
Project("{8BC9CEB8-8B4A-11D0-8D11-00A0C91BC942}") = "PROJECT-02-01-01", "PROJECT-02-01-01\PROJECT-02-01-01.vcxproj", "{A93EA549-384B-433B-9DDA-B30E5C939E44}"
EndProject
Project("{2150E333-8FDC-42A3-9474-1A3956D46DE8}") = "Personal", "Personal", "{812B1CA4-905B-4593-BD09-265588680B34}"
EndProject
Project("{8BC9CEB8-8B4A-11D0-8D11-00A0C91BC942}") = "TextBasedAdventureTest", "PERSONAL-01\PERSONAL-01.vcxproj", "{79941857-6752-4CB2-A429-A902CE281E28}"
EndProject
Project("{8BC9CEB8-8B4A-11D0-8D11-00A0C91BC942}") = "02-01-08", "02-01-08\02-01-08.vcxproj", "{2F843C4D-9830-4939-8871-4AF4CA1A2476}"
EndProject
Project("{8BC9CEB8-8B4A-11D0-8D11-00A0C91BC942}") = "02-01-09", "02-01-09\02-01-09.vcxproj", "{5441F70C-7111-4208-87CD-D53E978FE63E}"
EndProject
Project("{8BC9CEB8-8B4A-11D0-8D11-00A0C91BC942}") = "02-01-10", "02-01-10\02-01-10.vcxproj", "{FE44B3CC-4AB0-492F-A70A-F3D87FD9329D}"
EndProject
Project("{8BC9CEB8-8B4A-11D0-8D11-00A0C91BC942}") = "02-01-11", "02-01-11\02-01-11.vcxproj", "{750919F2-F8CC-4445-A638-2D36DBB62603}"
EndProject
Project("{8BC9CEB8-8B4A-11D0-8D11-00A0C91BC942}") = "02-01-12", "02-01-12\02-01-12.vcxproj", "{ECD21593-4B3A-448F-B8FB-33D0108B1953}"
EndProject
Project("{8BC9CEB8-8B4A-11D0-8D11-00A0C91BC942}") = "02-01-13", "PROJECT-02-01-02\PROJECT-02-01-02.vcxproj", "{9AD74C1E-0D18-46F9-A792-39ACDA4D148C}"
EndProject
Project("{8BC9CEB8-8B4A-11D0-8D11-00A0C91BC942}") = "02-02-01", "02-02-01\02-02-01.vcxproj", "{99C552A8-D04C-48A7-AF13-E8539E1CB7AE}"
EndProject
Project("{8BC9CEB8-8B4A-11D0-8D11-00A0C91BC942}") = "02-02-02", "02-02-02\02-02-02.vcxproj", "{48BE2CD8-8B3D-4765-9F29-4BCD022F455E}"
EndProject
Project("{8BC9CEB8-8B4A-11D0-8D11-00A0C91BC942}") = "02-02-03", "02-02-03\02-02-03.vcxproj", "{DFC8A0A2-DA50-406E-9E83-91EDE325DEC8}"
EndProject
Global
	GlobalSection(SolutionConfigurationPlatforms) = preSolution
		Debug|x64 = Debug|x64
		Debug|x86 = Debug|x86
		Release|x64 = Release|x64
		Release|x86 = Release|x86
	EndGlobalSection
	GlobalSection(ProjectConfigurationPlatforms) = postSolution
		{0FCF3D56-AF26-484C-A2C7-2D6BB04E4418}.Debug|x64.ActiveCfg = Debug|x64
		{0FCF3D56-AF26-484C-A2C7-2D6BB04E4418}.Debug|x64.Build.0 = Debug|x64
		{0FCF3D56-AF26-484C-A2C7-2D6BB04E4418}.Debug|x86.ActiveCfg = Debug|Win32
		{0FCF3D56-AF26-484C-A2C7-2D6BB04E4418}.Debug|x86.Build.0 = Debug|Win32
		{0FCF3D56-AF26-484C-A2C7-2D6BB04E4418}.Release|x64.ActiveCfg = Release|x64
		{0FCF3D56-AF26-484C-A2C7-2D6BB04E4418}.Release|x64.Build.0 = Release|x64
		{0FCF3D56-AF26-484C-A2C7-2D6BB04E4418}.Release|x86.ActiveCfg = Release|Win32
		{0FCF3D56-AF26-484C-A2C7-2D6BB04E4418}.Release|x86.Build.0 = Release|Win32
		{9FF34101-6263-4553-B35E-951A2AA6FB54}.Debug|x64.ActiveCfg = Debug|x64
		{9FF34101-6263-4553-B35E-951A2AA6FB54}.Debug|x64.Build.0 = Debug|x64
		{9FF34101-6263-4553-B35E-951A2AA6FB54}.Debug|x86.ActiveCfg = Debug|Win32
		{9FF34101-6263-4553-B35E-951A2AA6FB54}.Debug|x86.Build.0 = Debug|Win32
		{9FF34101-6263-4553-B35E-951A2AA6FB54}.Release|x64.ActiveCfg = Release|x64
		{9FF34101-6263-4553-B35E-951A2AA6FB54}.Release|x64.Build.0 = Release|x64
		{9FF34101-6263-4553-B35E-951A2AA6FB54}.Release|x86.ActiveCfg = Release|Win32
		{9FF34101-6263-4553-B35E-951A2AA6FB54}.Release|x86.Build.0 = Release|Win32
		{01A4B35D-9152-48A6-A894-B6D65D1BD101}.Debug|x64.ActiveCfg = Debug|x64
		{01A4B35D-9152-48A6-A894-B6D65D1BD101}.Debug|x64.Build.0 = Debug|x64
		{01A4B35D-9152-48A6-A894-B6D65D1BD101}.Debug|x86.ActiveCfg = Debug|Win32
		{01A4B35D-9152-48A6-A894-B6D65D1BD101}.Debug|x86.Build.0 = Debug|Win32
		{01A4B35D-9152-48A6-A894-B6D65D1BD101}.Release|x64.ActiveCfg = Release|x64
		{01A4B35D-9152-48A6-A894-B6D65D1BD101}.Release|x64.Build.0 = Release|x64
		{01A4B35D-9152-48A6-A894-B6D65D1BD101}.Release|x86.ActiveCfg = Release|Win32
		{01A4B35D-9152-48A6-A894-B6D65D1BD101}.Release|x86.Build.0 = Release|Win32
		{EF7B4491-D447-4553-8E57-3917BBC95057}.Debug|x64.ActiveCfg = Debug|x64
		{EF7B4491-D447-4553-8E57-3917BBC95057}.Debug|x64.Build.0 = Debug|x64
		{EF7B4491-D447-4553-8E57-3917BBC95057}.Debug|x86.ActiveCfg = Debug|Win32
		{EF7B4491-D447-4553-8E57-3917BBC95057}.Debug|x86.Build.0 = Debug|Win32
		{EF7B4491-D447-4553-8E57-3917BBC95057}.Release|x64.ActiveCfg = Release|x64
		{EF7B4491-D447-4553-8E57-3917BBC95057}.Release|x64.Build.0 = Release|x64
		{EF7B4491-D447-4553-8E57-3917BBC95057}.Release|x86.ActiveCfg = Release|Win32
		{EF7B4491-D447-4553-8E57-3917BBC95057}.Release|x86.Build.0 = Release|Win32
		{9C1ACD26-2192-4D82-A1DE-418FB95008F1}.Debug|x64.ActiveCfg = Debug|x64
		{9C1ACD26-2192-4D82-A1DE-418FB95008F1}.Debug|x64.Build.0 = Debug|x64
		{9C1ACD26-2192-4D82-A1DE-418FB95008F1}.Debug|x86.ActiveCfg = Debug|Win32
		{9C1ACD26-2192-4D82-A1DE-418FB95008F1}.Debug|x86.Build.0 = Debug|Win32
		{9C1ACD26-2192-4D82-A1DE-418FB95008F1}.Release|x64.ActiveCfg = Release|x64
		{9C1ACD26-2192-4D82-A1DE-418FB95008F1}.Release|x64.Build.0 = Release|x64
		{9C1ACD26-2192-4D82-A1DE-418FB95008F1}.Release|x86.ActiveCfg = Release|Win32
		{9C1ACD26-2192-4D82-A1DE-418FB95008F1}.Release|x86.Build.0 = Release|Win32
		{30521D98-F9F1-480D-975F-4D01067188A9}.Debug|x64.ActiveCfg = Debug|x64
		{30521D98-F9F1-480D-975F-4D01067188A9}.Debug|x64.Build.0 = Debug|x64
		{30521D98-F9F1-480D-975F-4D01067188A9}.Debug|x86.ActiveCfg = Debug|Win32
		{30521D98-F9F1-480D-975F-4D01067188A9}.Debug|x86.Build.0 = Debug|Win32
		{30521D98-F9F1-480D-975F-4D01067188A9}.Release|x64.ActiveCfg = Release|x64
		{30521D98-F9F1-480D-975F-4D01067188A9}.Release|x64.Build.0 = Release|x64
		{30521D98-F9F1-480D-975F-4D01067188A9}.Release|x86.ActiveCfg = Release|Win32
		{30521D98-F9F1-480D-975F-4D01067188A9}.Release|x86.Build.0 = Release|Win32
		{D36D186F-B4CB-4EC7-AD49-B39BDF32E4C4}.Debug|x64.ActiveCfg = Debug|x64
		{D36D186F-B4CB-4EC7-AD49-B39BDF32E4C4}.Debug|x64.Build.0 = Debug|x64
		{D36D186F-B4CB-4EC7-AD49-B39BDF32E4C4}.Debug|x86.ActiveCfg = Debug|Win32
		{D36D186F-B4CB-4EC7-AD49-B39BDF32E4C4}.Debug|x86.Build.0 = Debug|Win32
		{D36D186F-B4CB-4EC7-AD49-B39BDF32E4C4}.Release|x64.ActiveCfg = Release|x64
		{D36D186F-B4CB-4EC7-AD49-B39BDF32E4C4}.Release|x64.Build.0 = Release|x64
		{D36D186F-B4CB-4EC7-AD49-B39BDF32E4C4}.Release|x86.ActiveCfg = Release|Win32
		{D36D186F-B4CB-4EC7-AD49-B39BDF32E4C4}.Release|x86.Build.0 = Release|Win32
		{A93EA549-384B-433B-9DDA-B30E5C939E44}.Debug|x64.ActiveCfg = Debug|x64
		{A93EA549-384B-433B-9DDA-B30E5C939E44}.Debug|x64.Build.0 = Debug|x64
		{A93EA549-384B-433B-9DDA-B30E5C939E44}.Debug|x86.ActiveCfg = Debug|Win32
		{A93EA549-384B-433B-9DDA-B30E5C939E44}.Debug|x86.Build.0 = Debug|Win32
		{A93EA549-384B-433B-9DDA-B30E5C939E44}.Release|x64.ActiveCfg = Release|x64
		{A93EA549-384B-433B-9DDA-B30E5C939E44}.Release|x64.Build.0 = Release|x64
		{A93EA549-384B-433B-9DDA-B30E5C939E44}.Release|x86.ActiveCfg = Release|Win32
		{A93EA549-384B-433B-9DDA-B30E5C939E44}.Release|x86.Build.0 = Release|Win32
		{79941857-6752-4CB2-A429-A902CE281E28}.Debug|x64.ActiveCfg = Debug|x64
		{79941857-6752-4CB2-A429-A902CE281E28}.Debug|x64.Build.0 = Debug|x64
		{79941857-6752-4CB2-A429-A902CE281E28}.Debug|x86.ActiveCfg = Debug|Win32
		{79941857-6752-4CB2-A429-A902CE281E28}.Debug|x86.Build.0 = Debug|Win32
		{79941857-6752-4CB2-A429-A902CE281E28}.Release|x64.ActiveCfg = Release|x64
		{79941857-6752-4CB2-A429-A902CE281E28}.Release|x64.Build.0 = Release|x64
		{79941857-6752-4CB2-A429-A902CE281E28}.Release|x86.ActiveCfg = Release|Win32
		{79941857-6752-4CB2-A429-A902CE281E28}.Release|x86.Build.0 = Release|Win32
		{2F843C4D-9830-4939-8871-4AF4CA1A2476}.Debug|x64.ActiveCfg = Debug|x64
		{2F843C4D-9830-4939-8871-4AF4CA1A2476}.Debug|x64.Build.0 = Debug|x64
		{2F843C4D-9830-4939-8871-4AF4CA1A2476}.Debug|x86.ActiveCfg = Debug|Win32
		{2F843C4D-9830-4939-8871-4AF4CA1A2476}.Debug|x86.Build.0 = Debug|Win32
		{2F843C4D-9830-4939-8871-4AF4CA1A2476}.Release|x64.ActiveCfg = Release|x64
		{2F843C4D-9830-4939-8871-4AF4CA1A2476}.Release|x64.Build.0 = Release|x64
		{2F843C4D-9830-4939-8871-4AF4CA1A2476}.Release|x86.ActiveCfg = Release|Win32
		{2F843C4D-9830-4939-8871-4AF4CA1A2476}.Release|x86.Build.0 = Release|Win32
		{5441F70C-7111-4208-87CD-D53E978FE63E}.Debug|x64.ActiveCfg = Debug|x64
		{5441F70C-7111-4208-87CD-D53E978FE63E}.Debug|x64.Build.0 = Debug|x64
		{5441F70C-7111-4208-87CD-D53E978FE63E}.Debug|x86.ActiveCfg = Debug|Win32
		{5441F70C-7111-4208-87CD-D53E978FE63E}.Debug|x86.Build.0 = Debug|Win32
		{5441F70C-7111-4208-87CD-D53E978FE63E}.Release|x64.ActiveCfg = Release|x64
		{5441F70C-7111-4208-87CD-D53E978FE63E}.Release|x64.Build.0 = Release|x64
		{5441F70C-7111-4208-87CD-D53E978FE63E}.Release|x86.ActiveCfg = Release|Win32
		{5441F70C-7111-4208-87CD-D53E978FE63E}.Release|x86.Build.0 = Release|Win32
		{FE44B3CC-4AB0-492F-A70A-F3D87FD9329D}.Debug|x64.ActiveCfg = Debug|x64
		{FE44B3CC-4AB0-492F-A70A-F3D87FD9329D}.Debug|x64.Build.0 = Debug|x64
		{FE44B3CC-4AB0-492F-A70A-F3D87FD9329D}.Debug|x86.ActiveCfg = Debug|Win32
		{FE44B3CC-4AB0-492F-A70A-F3D87FD9329D}.Debug|x86.Build.0 = Debug|Win32
		{FE44B3CC-4AB0-492F-A70A-F3D87FD9329D}.Release|x64.ActiveCfg = Release|x64
		{FE44B3CC-4AB0-492F-A70A-F3D87FD9329D}.Release|x64.Build.0 = Release|x64
		{FE44B3CC-4AB0-492F-A70A-F3D87FD9329D}.Release|x86.ActiveCfg = Release|Win32
		{FE44B3CC-4AB0-492F-A70A-F3D87FD9329D}.Release|x86.Build.0 = Release|Win32
		{750919F2-F8CC-4445-A638-2D36DBB62603}.Debug|x64.ActiveCfg = Debug|x64
		{750919F2-F8CC-4445-A638-2D36DBB62603}.Debug|x64.Build.0 = Debug|x64
		{750919F2-F8CC-4445-A638-2D36DBB62603}.Debug|x86.ActiveCfg = Debug|Win32
		{750919F2-F8CC-4445-A638-2D36DBB62603}.Debug|x86.Build.0 = Debug|Win32
		{750919F2-F8CC-4445-A638-2D36DBB62603}.Release|x64.ActiveCfg = Release|x64
		{750919F2-F8CC-4445-A638-2D36DBB62603}.Release|x64.Build.0 = Release|x64
		{750919F2-F8CC-4445-A638-2D36DBB62603}.Release|x86.ActiveCfg = Release|Win32
		{750919F2-F8CC-4445-A638-2D36DBB62603}.Release|x86.Build.0 = Release|Win32
		{ECD21593-4B3A-448F-B8FB-33D0108B1953}.Debug|x64.ActiveCfg = Debug|x64
		{ECD21593-4B3A-448F-B8FB-33D0108B1953}.Debug|x64.Build.0 = Debug|x64
		{ECD21593-4B3A-448F-B8FB-33D0108B1953}.Debug|x86.ActiveCfg = Debug|Win32
		{ECD21593-4B3A-448F-B8FB-33D0108B1953}.Debug|x86.Build.0 = Debug|Win32
		{ECD21593-4B3A-448F-B8FB-33D0108B1953}.Release|x64.ActiveCfg = Release|x64
		{ECD21593-4B3A-448F-B8FB-33D0108B1953}.Release|x64.Build.0 = Release|x64
		{ECD21593-4B3A-448F-B8FB-33D0108B1953}.Release|x86.ActiveCfg = Release|Win32
		{ECD21593-4B3A-448F-B8FB-33D0108B1953}.Release|x86.Build.0 = Release|Win32
		{9AD74C1E-0D18-46F9-A792-39ACDA4D148C}.Debug|x64.ActiveCfg = Debug|x64
		{9AD74C1E-0D18-46F9-A792-39ACDA4D148C}.Debug|x64.Build.0 = Debug|x64
		{9AD74C1E-0D18-46F9-A792-39ACDA4D148C}.Debug|x86.ActiveCfg = Debug|Win32
		{9AD74C1E-0D18-46F9-A792-39ACDA4D148C}.Debug|x86.Build.0 = Debug|Win32
		{9AD74C1E-0D18-46F9-A792-39ACDA4D148C}.Release|x64.ActiveCfg = Release|x64
		{9AD74C1E-0D18-46F9-A792-39ACDA4D148C}.Release|x64.Build.0 = Release|x64
		{9AD74C1E-0D18-46F9-A792-39ACDA4D148C}.Release|x86.ActiveCfg = Release|Win32
		{9AD74C1E-0D18-46F9-A792-39ACDA4D148C}.Release|x86.Build.0 = Release|Win32
		{99C552A8-D04C-48A7-AF13-E8539E1CB7AE}.Debug|x64.ActiveCfg = Debug|x64
		{99C552A8-D04C-48A7-AF13-E8539E1CB7AE}.Debug|x64.Build.0 = Debug|x64
		{99C552A8-D04C-48A7-AF13-E8539E1CB7AE}.Debug|x86.ActiveCfg = Debug|Win32
		{99C552A8-D04C-48A7-AF13-E8539E1CB7AE}.Debug|x86.Build.0 = Debug|Win32
		{99C552A8-D04C-48A7-AF13-E8539E1CB7AE}.Release|x64.ActiveCfg = Release|x64
		{99C552A8-D04C-48A7-AF13-E8539E1CB7AE}.Release|x64.Build.0 = Release|x64
		{99C552A8-D04C-48A7-AF13-E8539E1CB7AE}.Release|x86.ActiveCfg = Release|Win32
		{99C552A8-D04C-48A7-AF13-E8539E1CB7AE}.Release|x86.Build.0 = Release|Win32
		{48BE2CD8-8B3D-4765-9F29-4BCD022F455E}.Debug|x64.ActiveCfg = Debug|x64
		{48BE2CD8-8B3D-4765-9F29-4BCD022F455E}.Debug|x64.Build.0 = Debug|x64
		{48BE2CD8-8B3D-4765-9F29-4BCD022F455E}.Debug|x86.ActiveCfg = Debug|Win32
		{48BE2CD8-8B3D-4765-9F29-4BCD022F455E}.Debug|x86.Build.0 = Debug|Win32
		{48BE2CD8-8B3D-4765-9F29-4BCD022F455E}.Release|x64.ActiveCfg = Release|x64
		{48BE2CD8-8B3D-4765-9F29-4BCD022F455E}.Release|x64.Build.0 = Release|x64
		{48BE2CD8-8B3D-4765-9F29-4BCD022F455E}.Release|x86.ActiveCfg = Release|Win32
		{48BE2CD8-8B3D-4765-9F29-4BCD022F455E}.Release|x86.Build.0 = Release|Win32
		{DFC8A0A2-DA50-406E-9E83-91EDE325DEC8}.Debug|x64.ActiveCfg = Debug|x64
		{DFC8A0A2-DA50-406E-9E83-91EDE325DEC8}.Debug|x64.Build.0 = Debug|x64
		{DFC8A0A2-DA50-406E-9E83-91EDE325DEC8}.Debug|x86.ActiveCfg = Debug|Win32
		{DFC8A0A2-DA50-406E-9E83-91EDE325DEC8}.Debug|x86.Build.0 = Debug|Win32
		{DFC8A0A2-DA50-406E-9E83-91EDE325DEC8}.Release|x64.ActiveCfg = Release|x64
		{DFC8A0A2-DA50-406E-9E83-91EDE325DEC8}.Release|x64.Build.0 = Release|x64
		{DFC8A0A2-DA50-406E-9E83-91EDE325DEC8}.Release|x86.ActiveCfg = Release|Win32
		{DFC8A0A2-DA50-406E-9E83-91EDE325DEC8}.Release|x86.Build.0 = Release|Win32
	EndGlobalSection
	GlobalSection(SolutionProperties) = preSolution
		HideSolutionNode = FALSE
	EndGlobalSection
	GlobalSection(NestedProjects) = preSolution
		{A93EA549-384B-433B-9DDA-B30E5C939E44} = {2E73AD7A-4E23-4D66-AB80-3B19D35C17CA}
		{79941857-6752-4CB2-A429-A902CE281E28} = {812B1CA4-905B-4593-BD09-265588680B34}
	EndGlobalSection
	GlobalSection(ExtensibilityGlobals) = postSolution
		SolutionGuid = {FBEFE581-5E41-4089-BFAA-AA1CDC65CA76}
	EndGlobalSection
EndGlobal
